dependencies:
  espp/base_component:
    component_hash: 569d8a4c2520fbb8f9c79ddd772e278506c80099e218599c602a8891bb995bf9
    dependencies:
    - name: espp/logger
      registry_url: https://components.espressif.com
      require: private
      version: '>=1.0'
    - name: idf
      require: private
      version: '>=5.0'
    source:
      registry_url: https://components.espressif.com
      type: service
    version: 1.0.33
  espp/base_peripheral:
    component_hash: e9d1f27fa9346541b76aebb7dbf6150284cc600ac8019e208f600f6afac49990
    dependencies:
    - name: espp/base_component
      registry_url: https://components.espressif.com
      require: private
      version: '>=1.0'
    - name: idf
      require: private
      version: '>=5.0'
    source:
      registry_url: https://components.espressif.com
      type: service
    version: 1.0.33
  espp/format:
    component_hash: 9723eeb2cadb7191255337320f51edec7b300c648d98aa4ab92e93365297acc4
    dependencies:
    - name: idf
      require: private
      version: '>=5.0'
    source:
      registry_url: https://components.espressif.com
      type: service
    version: 1.0.33
  espp/logger:
    component_hash: 91bc16342ba44200df5b56977270921a863e3447d3c94049a75e30b8d515b34d
    dependencies:
    - name: espp/format
      registry_url: https://components.espressif.com
      require: private
      version: '>=1.0'
    - name: idf
      require: private
      version: '>=5.0'
    source:
      registry_url: https://components.espressif.com
      type: service
    version: 1.0.33
  espp/vl53l:
    component_hash: 34ef6996ed920aca95dccc5d4d9723ca2cb4acb6e126a0c08b7d57b9527a4ab6
    dependencies:
    - name: espp/base_peripheral
      registry_url: https://components.espressif.com
      require: private
      version: '>=1.0'
    - name: idf
      require: private
      version: '>=5.0'
    source:
      registry_url: https://components.espressif.com/
      type: service
    version: 1.0.31
  espressif/mdns:
    component_hash: 29e47564b1a7ee778135e17fbbf2a2773f71c97ebabfe626c8eda7c958a7ad16
    dependencies:
    - name: idf
      require: private
      version: '>=5.0'
    source:
      registry_url: https://components.espressif.com/
      type: service
    version: 1.9.1
  idf:
    source:
      type: idf
    version: 5.5.0
direct_dependencies:
- espp/vl53l
- espressif/mdns
manifest_hash: afa9134287cbb79acf592e7a838299a5aeae443a7a259e6d20986c8d3332561d
target: esp32s3
version: 2.0.0
